
Microsoft Visual Studio Solution File, Format Version 12.00
# Visual Studio Version 18
VisualStudioVersion = 18.5.11723.231
MinimumVisualStudioVersion = 10.0.40219.1
Project("{FAE04EC0-301F-11D3-BF4B-00C04F79EFBC}") = "Identity.Domain", "Identity.Domain\Identity.Domain.csproj", "{0D9C1FC9-1401-401F-8062-5460A5278595}"
EndProject
Project("{FAE04EC0-301F-11D3-BF4B-00C04F79EFBC}") = "Identity.Infrastructure", "Identity.Infrastructure\Identity.Infrastructure.csproj", "{676F5D0E-F082-4090-BD50-70F387CAE612}"
EndProject
Project("{FAE04EC0-301F-11D3-BF4B-00C04F79EFBC}") = "Identity.Application", "Identity.Application\Identity.Application.csproj", "{DABB9000-A847-48BC-B5B6-B49804A603A9}"
EndProject
Project("{2150E333-8FDC-42A3-9474-1A3956D46DE8}") = "Identity", "Identity", "{3C7A8675-DA36-4A0B-B4A7-E34E1924F932}"
EndProject
Project("{2150E333-8FDC-42A3-9474-1A3956D46DE8}") = "Services", "Services", "{6E3946EC-0474-40BC-B5DC-24A1FAB223A5}"
EndProject
Project("{2150E333-8FDC-42A3-9474-1A3956D46DE8}") = "Shared", "Shared", "{8FE0F572-A5AB-466E-92E6-3D4C2967D9A0}"
EndProject
Project("{2150E333-8FDC-42A3-9474-1A3956D46DE8}") = "Tournament", "Tournament", "{C7DCB3A2-86C0-4921-B1D4-6F01CAB29E19}"
EndProject
Project("{FAE04EC0-301F-11D3-BF4B-00C04F79EFBC}") = "Tournament.Application", "Tournament.Application\Tournament.Application.csproj", "{A1BE29B7-008A-4CC6-82DD-235E0E1DCA99}"
EndProject
Project("{FAE04EC0-301F-11D3-BF4B-00C04F79EFBC}") = "Tournament.Domain", "Tournament.Domain\Tournament.Domain.csproj", "{2266CA96-251A-4076-8C8E-6B956B5E4981}"
EndProject
Project("{FAE04EC0-301F-11D3-BF4B-00C04F79EFBC}") = "Tournament.Infrastructure", "Tournament.Infrastructure\Tournament.Infrastructure.csproj", "{7F3B0B1E-425A-4ADF-84CB-BC6ECC6EB9B8}"
EndProject
Project("{2150E333-8FDC-42A3-9474-1A3956D46DE8}") = "Team", "Team", "{1155CCF9-C999-4CC6-9BBC-618F9D34D80D}"
EndProject
Project("{FAE04EC0-301F-11D3-BF4B-00C04F79EFBC}") = "Team.Domain", "Team.Domain\Team.Domain.csproj", "{21B422E4-15F0-4AA2-BF96-669A7FD5189C}"
EndProject
Project("{FAE04EC0-301F-11D3-BF4B-00C04F79EFBC}") = "Team.Application", "Team.Application\Team.Application.csproj", "{7E6FE301-C698-4F4D-A387-2A263F3654C5}"
EndProject
Project("{FAE04EC0-301F-11D3-BF4B-00C04F79EFBC}") = "Team.Infrastructure", "Team.Infrastructure\Team.Infrastructure.csproj", "{3D3DD830-F390-4ECD-B8AD-0A76DE8FEE2C}"
EndProject
Project("{2150E333-8FDC-42A3-9474-1A3956D46DE8}") = "Match", "Match", "{083AE295-691B-4519-A8F0-1BB29DD24B6F}"
EndProject
Project("{FAE04EC0-301F-11D3-BF4B-00C04F79EFBC}") = "Match.Domain", "Match.Domain\Match.Domain.csproj", "{02681BD1-4B9E-492B-A26D-ECA4A48FCD2B}"
EndProject
Project("{FAE04EC0-301F-11D3-BF4B-00C04F79EFBC}") = "Match.Application", "Match.Application\Match.Application.csproj", "{1E2BA6B7-09A7-42F7-B194-4C934A31BBE6}"
EndProject
Project("{FAE04EC0-301F-11D3-BF4B-00C04F79EFBC}") = "Match.Infrastructure", "Match.Infrastructure\Match.Infrastructure.csproj", "{A92EDAF6-AACC-4A65-81E2-7744055A77C1}"
EndProject
Project("{FAE04EC0-301F-11D3-BF4B-00C04F79EFBC}") = "Domain", "Domain\Domain.csproj", "{C1EB7763-894E-4419-9EDA-677A3844B2E0}"
EndProject
Project("{2150E333-8FDC-42A3-9474-1A3956D46DE8}") = "Player", "Player", "{A060B78D-1E3F-45C4-8FDD-0B65EA167A9D}"
EndProject
Project("{FAE04EC0-301F-11D3-BF4B-00C04F79EFBC}") = "Player.Domain", "Player.Domain\Player.Domain.csproj", "{370A3392-3966-4DC0-ABF8-E8E16AB29E5A}"
EndProject
Project("{FAE04EC0-301F-11D3-BF4B-00C04F79EFBC}") = "Player.Application", "Player.Application\Player.Application.csproj", "{C31AE34B-0ABC-4173-B0D1-8FE561852B42}"
EndProject
Project("{FAE04EC0-301F-11D3-BF4B-00C04F79EFBC}") = "Player.Infrastructure", "Player.Infrastructure\Player.Infrastructure.csproj", "{C4F8C080-05AF-4113-B1D8-3830219C5007}"
EndProject
Project("{2150E333-8FDC-42A3-9474-1A3956D46DE8}") = "API", "API", "{2965818A-3564-4371-95E1-37FEBF5FFACF}"
EndProject
Project("{FAE04EC0-301F-11D3-BF4B-00C04F79EFBC}") = "InvokeOps.API", "InvokeOps.API\InvokeOps.API.csproj", "{7B1F753A-739C-41A5-9F1E-A647F88C2562}"
EndProject
Global
	GlobalSection(SolutionConfigurationPlatforms) = preSolution
		Debug|Any CPU = Debug|Any CPU
		Release|Any CPU = Release|Any CPU
	EndGlobalSection
	GlobalSection(ProjectConfigurationPlatforms) = postSolution
		{0D9C1FC9-1401-401F-8062-5460A5278595}.Debug|Any CPU.ActiveCfg = Debug|Any CPU
		{0D9C1FC9-1401-401F-8062-5460A5278595}.Debug|Any CPU.Build.0 = Debug|Any CPU
		{0D9C1FC9-1401-401F-8062-5460A5278595}.Release|Any CPU.ActiveCfg = Release|Any CPU
		{0D9C1FC9-1401-401F-8062-5460A5278595}.Release|Any CPU.Build.0 = Release|Any CPU
		{676F5D0E-F082-4090-BD50-70F387CAE612}.Debug|Any CPU.ActiveCfg = Debug|Any CPU
		{676F5D0E-F082-4090-BD50-70F387CAE612}.Debug|Any CPU.Build.0 = Debug|Any CPU
		{676F5D0E-F082-4090-BD50-70F387CAE612}.Release|Any CPU.ActiveCfg = Release|Any CPU
		{676F5D0E-F082-4090-BD50-70F387CAE612}.Release|Any CPU.Build.0 = Release|Any CPU
		{DABB9000-A847-48BC-B5B6-B49804A603A9}.Debug|Any CPU.ActiveCfg = Debug|Any CPU
		{DABB9000-A847-48BC-B5B6-B49804A603A9}.Debug|Any CPU.Build.0 = Debug|Any CPU
		{DABB9000-A847-48BC-B5B6-B49804A603A9}.Release|Any CPU.ActiveCfg = Release|Any CPU
		{DABB9000-A847-48BC-B5B6-B49804A603A9}.Release|Any CPU.Build.0 = Release|Any CPU
		{A1BE29B7-008A-4CC6-82DD-235E0E1DCA99}.Debug|Any CPU.ActiveCfg = Debug|Any CPU
		{A1BE29B7-008A-4CC6-82DD-235E0E1DCA99}.Debug|Any CPU.Build.0 = Debug|Any CPU
		{A1BE29B7-008A-4CC6-82DD-235E0E1DCA99}.Release|Any CPU.ActiveCfg = Release|Any CPU
		{A1BE29B7-008A-4CC6-82DD-235E0E1DCA99}.Release|Any CPU.Build.0 = Release|Any CPU
		{2266CA96-251A-4076-8C8E-6B956B5E4981}.Debug|Any CPU.ActiveCfg = Debug|Any CPU
		{2266CA96-251A-4076-8C8E-6B956B5E4981}.Debug|Any CPU.Build.0 = Debug|Any CPU
		{2266CA96-251A-4076-8C8E-6B956B5E4981}.Release|Any CPU.ActiveCfg = Release|Any CPU
		{2266CA96-251A-4076-8C8E-6B956B5E4981}.Release|Any CPU.Build.0 = Release|Any CPU
		{7F3B0B1E-425A-4ADF-84CB-BC6ECC6EB9B8}.Debug|Any CPU.ActiveCfg = Debug|Any CPU
		{7F3B0B1E-425A-4ADF-84CB-BC6ECC6EB9B8}.Debug|Any CPU.Build.0 = Debug|Any CPU
		{7F3B0B1E-425A-4ADF-84CB-BC6ECC6EB9B8}.Release|Any CPU.ActiveCfg = Release|Any CPU
		{7F3B0B1E-425A-4ADF-84CB-BC6ECC6EB9B8}.Release|Any CPU.Build.0 = Release|Any CPU
		{21B422E4-15F0-4AA2-BF96-669A7FD5189C}.Debug|Any CPU.ActiveCfg = Debug|Any CPU
		{21B422E4-15F0-4AA2-BF96-669A7FD5189C}.Debug|Any CPU.Build.0 = Debug|Any CPU
		{21B422E4-15F0-4AA2-BF96-669A7FD5189C}.Release|Any CPU.ActiveCfg = Release|Any CPU
		{21B422E4-15F0-4AA2-BF96-669A7FD5189C}.Release|Any CPU.Build.0 = Release|Any CPU
		{7E6FE301-C698-4F4D-A387-2A263F3654C5}.Debug|Any CPU.ActiveCfg = Debug|Any CPU
		{7E6FE301-C698-4F4D-A387-2A263F3654C5}.Debug|Any CPU.Build.0 = Debug|Any CPU
		{7E6FE301-C698-4F4D-A387-2A263F3654C5}.Release|Any CPU.ActiveCfg = Release|Any CPU
		{7E6FE301-C698-4F4D-A387-2A263F3654C5}.Release|Any CPU.Build.0 = Release|Any CPU
		{3D3DD830-F390-4ECD-B8AD-0A76DE8FEE2C}.Debug|Any CPU.ActiveCfg = Debug|Any CPU
		{3D3DD830-F390-4ECD-B8AD-0A76DE8FEE2C}.Debug|Any CPU.Build.0 = Debug|Any CPU
		{3D3DD830-F390-4ECD-B8AD-0A76DE8FEE2C}.Release|Any CPU.ActiveCfg = Release|Any CPU
		{3D3DD830-F390-4ECD-B8AD-0A76DE8FEE2C}.Release|Any CPU.Build.0 = Release|Any CPU
		{02681BD1-4B9E-492B-A26D-ECA4A48FCD2B}.Debug|Any CPU.ActiveCfg = Debug|Any CPU
		{02681BD1-4B9E-492B-A26D-ECA4A48FCD2B}.Debug|Any CPU.Build.0 = Debug|Any CPU
		{02681BD1-4B9E-492B-A26D-ECA4A48FCD2B}.Release|Any CPU.ActiveCfg = Release|Any CPU
		{02681BD1-4B9E-492B-A26D-ECA4A48FCD2B}.Release|Any CPU.Build.0 = Release|Any CPU
		{1E2BA6B7-09A7-42F7-B194-4C934A31BBE6}.Debug|Any CPU.ActiveCfg = Debug|Any CPU
		{1E2BA6B7-09A7-42F7-B194-4C934A31BBE6}.Debug|Any CPU.Build.0 = Debug|Any CPU
		{1E2BA6B7-09A7-42F7-B194-4C934A31BBE6}.Release|Any CPU.ActiveCfg = Release|Any CPU
		{1E2BA6B7-09A7-42F7-B194-4C934A31BBE6}.Release|Any CPU.Build.0 = Release|Any CPU
		{A92EDAF6-AACC-4A65-81E2-7744055A77C1}.Debug|Any CPU.ActiveCfg = Debug|Any CPU
		{A92EDAF6-AACC-4A65-81E2-7744055A77C1}.Debug|Any CPU.Build.0 = Debug|Any CPU
		{A92EDAF6-AACC-4A65-81E2-7744055A77C1}.Release|Any CPU.ActiveCfg = Release|Any CPU
		{A92EDAF6-AACC-4A65-81E2-7744055A77C1}.Release|Any CPU.Build.0 = Release|Any CPU
		{C1EB7763-894E-4419-9EDA-677A3844B2E0}.Debug|Any CPU.ActiveCfg = Debug|Any CPU
		{C1EB7763-894E-4419-9EDA-677A3844B2E0}.Debug|Any CPU.Build.0 = Debug|Any CPU
		{C1EB7763-894E-4419-9EDA-677A3844B2E0}.Release|Any CPU.ActiveCfg = Release|Any CPU
		{C1EB7763-894E-4419-9EDA-677A3844B2E0}.Release|Any CPU.Build.0 = Release|Any CPU
		{370A3392-3966-4DC0-ABF8-E8E16AB29E5A}.Debug|Any CPU.ActiveCfg = Debug|Any CPU
		{370A3392-3966-4DC0-ABF8-E8E16AB29E5A}.Debug|Any CPU.Build.0 = Debug|Any CPU
		{370A3392-3966-4DC0-ABF8-E8E16AB29E5A}.Release|Any CPU.ActiveCfg = Release|Any CPU
		{370A3392-3966-4DC0-ABF8-E8E16AB29E5A}.Release|Any CPU.Build.0 = Release|Any CPU
		{C31AE34B-0ABC-4173-B0D1-8FE561852B42}.Debug|Any CPU.ActiveCfg = Debug|Any CPU
		{C31AE34B-0ABC-4173-B0D1-8FE561852B42}.Debug|Any CPU.Build.0 = Debug|Any CPU
		{C31AE34B-0ABC-4173-B0D1-8FE561852B42}.Release|Any CPU.ActiveCfg = Release|Any CPU
		{C31AE34B-0ABC-4173-B0D1-8FE561852B42}.Release|Any CPU.Build.0 = Release|Any CPU
		{C4F8C080-05AF-4113-B1D8-3830219C5007}.Debug|Any CPU.ActiveCfg = Debug|Any CPU
		{C4F8C080-05AF-4113-B1D8-3830219C5007}.Debug|Any CPU.Build.0 = Debug|Any CPU
		{C4F8C080-05AF-4113-B1D8-3830219C5007}.Release|Any CPU.ActiveCfg = Release|Any CPU
		{C4F8C080-05AF-4113-B1D8-3830219C5007}.Release|Any CPU.Build.0 = Release|Any CPU
		{7B1F753A-739C-41A5-9F1E-A647F88C2562}.Debug|Any CPU.ActiveCfg = Debug|Any CPU
		{7B1F753A-739C-41A5-9F1E-A647F88C2562}.Debug|Any CPU.Build.0 = Debug|Any CPU
		{7B1F753A-739C-41A5-9F1E-A647F88C2562}.Release|Any CPU.ActiveCfg = Release|Any CPU
		{7B1F753A-739C-41A5-9F1E-A647F88C2562}.Release|Any CPU.Build.0 = Release|Any CPU
	EndGlobalSection
	GlobalSection(SolutionProperties) = preSolution
		HideSolutionNode = FALSE
	EndGlobalSection
	GlobalSection(NestedProjects) = preSolution
		{0D9C1FC9-1401-401F-8062-5460A5278595} = {3C7A8675-DA36-4A0B-B4A7-E34E1924F932}
		{676F5D0E-F082-4090-BD50-70F387CAE612} = {3C7A8675-DA36-4A0B-B4A7-E34E1924F932}
		{DABB9000-A847-48BC-B5B6-B49804A603A9} = {3C7A8675-DA36-4A0B-B4A7-E34E1924F932}
		{3C7A8675-DA36-4A0B-B4A7-E34E1924F932} = {6E3946EC-0474-40BC-B5DC-24A1FAB223A5}
		{C7DCB3A2-86C0-4921-B1D4-6F01CAB29E19} = {6E3946EC-0474-40BC-B5DC-24A1FAB223A5}
		{A1BE29B7-008A-4CC6-82DD-235E0E1DCA99} = {C7DCB3A2-86C0-4921-B1D4-6F01CAB29E19}
		{2266CA96-251A-4076-8C8E-6B956B5E4981} = {C7DCB3A2-86C0-4921-B1D4-6F01CAB29E19}
		{7F3B0B1E-425A-4ADF-84CB-BC6ECC6EB9B8} = {C7DCB3A2-86C0-4921-B1D4-6F01CAB29E19}
		{1155CCF9-C999-4CC6-9BBC-618F9D34D80D} = {6E3946EC-0474-40BC-B5DC-24A1FAB223A5}
		{21B422E4-15F0-4AA2-BF96-669A7FD5189C} = {1155CCF9-C999-4CC6-9BBC-618F9D34D80D}
		{7E6FE301-C698-4F4D-A387-2A263F3654C5} = {1155CCF9-C999-4CC6-9BBC-618F9D34D80D}
		{3D3DD830-F390-4ECD-B8AD-0A76DE8FEE2C} = {1155CCF9-C999-4CC6-9BBC-618F9D34D80D}
		{083AE295-691B-4519-A8F0-1BB29DD24B6F} = {6E3946EC-0474-40BC-B5DC-24A1FAB223A5}
		{02681BD1-4B9E-492B-A26D-ECA4A48FCD2B} = {083AE295-691B-4519-A8F0-1BB29DD24B6F}
		{1E2BA6B7-09A7-42F7-B194-4C934A31BBE6} = {083AE295-691B-4519-A8F0-1BB29DD24B6F}
		{A92EDAF6-AACC-4A65-81E2-7744055A77C1} = {083AE295-691B-4519-A8F0-1BB29DD24B6F}
		{C1EB7763-894E-4419-9EDA-677A3844B2E0} = {8FE0F572-A5AB-466E-92E6-3D4C2967D9A0}
		{A060B78D-1E3F-45C4-8FDD-0B65EA167A9D} = {6E3946EC-0474-40BC-B5DC-24A1FAB223A5}
		{370A3392-3966-4DC0-ABF8-E8E16AB29E5A} = {A060B78D-1E3F-45C4-8FDD-0B65EA167A9D}
		{C31AE34B-0ABC-4173-B0D1-8FE561852B42} = {A060B78D-1E3F-45C4-8FDD-0B65EA167A9D}
		{C4F8C080-05AF-4113-B1D8-3830219C5007} = {A060B78D-1E3F-45C4-8FDD-0B65EA167A9D}
		{7B1F753A-739C-41A5-9F1E-A647F88C2562} = {2965818A-3564-4371-95E1-37FEBF5FFACF}
	EndGlobalSection
	GlobalSection(ExtensibilityGlobals) = postSolution
		SolutionGuid = {B923791C-F90C-4E39-AD82-3EC827351211}
	EndGlobalSection
EndGlobal
